
Microsoft Visual Studio Solution File, Format Version 12.00
# Visual Studio Version 17
VisualStudioVersion = 17.0.31903.59
MinimumVisualStudioVersion = 10.0.40219.1
Project("{2150E333-8FDC-42A3-9474-1A3956D46DE8}") = "Presentation Layer", "Presentation Layer", "{02EA681E-C7D8-13C7-8484-4AC65E1B71E8}"
	ProjectSection(SolutionItems) = preProject
		.gitignore = .gitignore
	EndProjectSection
EndProject
Project("{FAE04EC0-301F-11D3-BF4B-00C04F79EFBC}") = "MenuDrivenRouting.Web", "MenuDrivenRouting.Web\MenuDrivenRouting.Web.csproj", "{1BEB26EB-2B7A-4342-9910-74A69DB26D36}"
EndProject
Global
	GlobalSection(SolutionConfigurationPlatforms) = preSolution
		Debug|Any CPU = Debug|Any CPU
		Release|Any CPU = Release|Any CPU
	EndGlobalSection
	GlobalSection(ProjectConfigurationPlatforms) = postSolution
		{1BEB26EB-2B7A-4342-9910-74A69DB26D36}.Debug|Any CPU.ActiveCfg = Debug|Any CPU
		{1BEB26EB-2B7A-4342-9910-74A69DB26D36}.Debug|Any CPU.Build.0 = Debug|Any CPU
		{1BEB26EB-2B7A-4342-9910-74A69DB26D36}.Release|Any CPU.ActiveCfg = Release|Any CPU
		{1BEB26EB-2B7A-4342-9910-74A69DB26D36}.Release|Any CPU.Build.0 = Release|Any CPU
	EndGlobalSection
	GlobalSection(SolutionProperties) = preSolution
		HideSolutionNode = FALSE
	EndGlobalSection
	GlobalSection(NestedProjects) = preSolution
		{1BEB26EB-2B7A-4342-9910-74A69DB26D36} = {02EA681E-C7D8-13C7-8484-4AC65E1B71E8}
	EndGlobalSection
	GlobalSection(ExtensibilityGlobals) = postSolution
		SolutionGuid = {4FF348DE-49A9-4133-84DD-6A0961723A84}
	EndGlobalSection
EndGlobal
